
Microsoft Visual Studio Solution File, Format Version 12.00
# Visual Studio Version 17
VisualStudioVersion = 17.10.35013.160
MinimumVisualStudioVersion = 10.0.40219.1
Project("{FAE04EC0-301F-11D3-BF4B-00C04F79EFBC}") = "Bank", "Bank\Bank.csproj", "{6FF03FEA-E060-495F-8871-7E0EE5A40765}"
EndProject
Project("{FAE04EC0-301F-11D3-BF4B-00C04F79EFBC}") = "BankAccountTestsCredit", "BankAccountTestsCredit\BankAccountTestsCredit.csproj", "{27D54E3C-ACE3-4A80-9700-E510E934AFCA}"
EndProject
Project("{FAE04EC0-301F-11D3-BF4B-00C04F79EFBC}") = "BankAccountTestsDebit", "BankAccountTestsDebit\BankAccountTestsDebit.csproj", "{B3B2CA53-4B08-4125-93C8-C085B5A43EDA}"
EndProject
Global
	GlobalSection(SolutionConfigurationPlatforms) = preSolution
		Debug|Any CPU = Debug|Any CPU
		Release|Any CPU = Release|Any CPU
	EndGlobalSection
	GlobalSection(ProjectConfigurationPlatforms) = postSolution
		{6FF03FEA-E060-495F-8871-7E0EE5A40765}.Debug|Any CPU.ActiveCfg = Debug|Any CPU
		{6FF03FEA-E060-495F-8871-7E0EE5A40765}.Debug|Any CPU.Build.0 = Debug|Any CPU
		{6FF03FEA-E060-495F-8871-7E0EE5A40765}.Release|Any CPU.ActiveCfg = Release|Any CPU
		{6FF03FEA-E060-495F-8871-7E0EE5A40765}.Release|Any CPU.Build.0 = Release|Any CPU
		{27D54E3C-ACE3-4A80-9700-E510E934AFCA}.Debug|Any CPU.ActiveCfg = Debug|Any CPU
		{27D54E3C-ACE3-4A80-9700-E510E934AFCA}.Debug|Any CPU.Build.0 = Debug|Any CPU
		{27D54E3C-ACE3-4A80-9700-E510E934AFCA}.Release|Any CPU.ActiveCfg = Release|Any CPU
		{27D54E3C-ACE3-4A80-9700-E510E934AFCA}.Release|Any CPU.Build.0 = Release|Any CPU
		{B3B2CA53-4B08-4125-93C8-C085B5A43EDA}.Debug|Any CPU.ActiveCfg = Debug|Any CPU
		{B3B2CA53-4B08-4125-93C8-C085B5A43EDA}.Debug|Any CPU.Build.0 = Debug|Any CPU
		{B3B2CA53-4B08-4125-93C8-C085B5A43EDA}.Release|Any CPU.ActiveCfg = Release|Any CPU
		{B3B2CA53-4B08-4125-93C8-C085B5A43EDA}.Release|Any CPU.Build.0 = Release|Any CPU
	EndGlobalSection
	GlobalSection(SolutionProperties) = preSolution
		HideSolutionNode = FALSE
	EndGlobalSection
	GlobalSection(ExtensibilityGlobals) = postSolution
		SolutionGuid = {F867A3DB-BDFB-41D0-A1D9-A0E75E23E9AA}
	EndGlobalSection
EndGlobal
